
Microsoft Visual Studio Solution File, Format Version 12.00
# Visual Studio Version 17
VisualStudioVersion = 17.2.32630.192
MinimumVisualStudioVersion = 10.0.40219.1
Project("{FAE04EC0-301F-11D3-BF4B-00C04F79EFBC}") = "ProyectoContabilidadDeCosto", "ProyectoContabilidadDeCosto\ProyectoContabilidadDeCosto.csproj", "{87D65157-BEBB-42F1-BA16-D724C9FA2991}"
EndProject
Global
	GlobalSection(SolutionConfigurationPlatforms) = preSolution
		Debug|Any CPU = Debug|Any CPU
		Release|Any CPU = Release|Any CPU
	EndGlobalSection
	GlobalSection(ProjectConfigurationPlatforms) = postSolution
		{87D65157-BEBB-42F1-BA16-D724C9FA2991}.Debug|Any CPU.ActiveCfg = Debug|Any CPU
		{87D65157-BEBB-42F1-BA16-D724C9FA2991}.Debug|Any CPU.Build.0 = Debug|Any CPU
		{87D65157-BEBB-42F1-BA16-D724C9FA2991}.Release|Any CPU.ActiveCfg = Release|Any CPU
		{87D65157-BEBB-42F1-BA16-D724C9FA2991}.Release|Any CPU.Build.0 = Release|Any CPU
	EndGlobalSection
	GlobalSection(SolutionProperties) = preSolution
		HideSolutionNode = FALSE
	EndGlobalSection
	GlobalSection(ExtensibilityGlobals) = postSolution
		SolutionGuid = {5F95AB27-5D65-423F-8BCC-AB5325E86253}
	EndGlobalSection
EndGlobal
